// !$*UTF8*$!
{
	archiveVersion = 1;
	classes = {
	};
	objectVersion = 56;
	objects = {

/* Begin PBXBuildFile section */
		BFA5A0952BF5D27E004B11EC /* AppDelegate.swift in Sources */ = {isa = PBXBuildFile; fileRef = BFA5A0942BF5D27E004B11EC /* AppDelegate.swift */; };
		BFA5A0972BF5D27E004B11EC /* SceneDelegate.swift in Sources */ = {isa = PBXBuildFile; fileRef = BFA5A0962BF5D27E004B11EC /* SceneDelegate.swift */; };
		BFA5A0992BF5D27E004B11EC /* ViewController.swift in Sources */ = {isa = PBXBuildFile; fileRef = BFA5A0982BF5D27E004B11EC /* ViewController.swift */; };
		BFA5A09C2BF5D27E004B11EC /* Base in Resources */ = {isa = PBXBuildFile; fileRef = BFA5A09B2BF5D27E004B11EC /* Base */; };
		BFA5A09E2BF5D280004B11EC /* Assets.xcassets in Resources */ = {isa = PBXBuildFile; fileRef = BFA5A09D2BF5D280004B11EC /* Assets.xcassets */; };
		BFA5A0A12BF5D280004B11EC /* Base in Resources */ = {isa = PBXBuildFile; fileRef = BFA5A0A02BF5D280004B11EC /* Base */; };
		BFA5A0AC2BF5D280004B11EC /* HealthKitTestTests.swift in Sources */ = {isa = PBXBuildFile; fileRef = BFA5A0AB2BF5D280004B11EC /* HealthKitTestTests.swift */; };
		BFA5A0B62BF5D280004B11EC /* HealthKitTestUITests.swift in Sources */ = {isa = PBXBuildFile; fileRef = BFA5A0B52BF5D280004B11EC /* HealthKitTestUITests.swift */; };
		BFA5A0B82BF5D280004B11EC /* HealthKitTestUITestsLaunchTests.swift in Sources */ = {isa = PBXBuildFile; fileRef = BFA5A0B72BF5D280004B11EC /* HealthKitTestUITestsLaunchTests.swift */; };
		BFA5A0C72BF5D359004B11EC /* PLVHealthKitPermission.swift in Sources */ = {isa = PBXBuildFile; fileRef = BFA5A0C52BF5D359004B11EC /* PLVHealthKitPermission.swift */; };
		BFA5A0C82BF5D359004B11EC /* PLVHealthKitManager.swift in Sources */ = {isa = PBXBuildFile; fileRef = BFA5A0C62BF5D359004B11EC /* PLVHealthKitManager.swift */; };
		BFA5A0C92BF5D363004B11EC /* PLVHealthKitManager.swift in Sources */ = {isa = PBXBuildFile; fileRef = BFA5A0C62BF5D359004B11EC /* PLVHealthKitManager.swift */; };
		BFA5A0CA2BF5D365004B11EC /* PLVHealthKitPermission.swift in Sources */ = {isa = PBXBuildFile; fileRef = BFA5A0C52BF5D359004B11EC /* PLVHealthKitPermission.swift */; };
/* End PBXBuildFile section */

/* Begin PBXContainerItemProxy section */
		BFA5A0A82BF5D280004B11EC /* PBXContainerItemProxy */ = {
			isa = PBXContainerItemProxy;
			containerPortal = BFA5A0892BF5D27E004B11EC /* Project object */;
			proxyType = 1;
			remoteGlobalIDString = BFA5A0902BF5D27E004B11EC;
			remoteInfo = HealthKitTest;
		};
		BFA5A0B22BF5D280004B11EC /* PBXContainerItemProxy */ = {
			isa = PBXContainerItemProxy;
			containerPortal = BFA5A0892BF5D27E004B11EC /* Project object */;
			proxyType = 1;
			remoteGlobalIDString = BFA5A0902BF5D27E004B11EC;
			remoteInfo = HealthKitTest;
		};
/* End PBXContainerItemProxy section */

/* Begin PBXFileReference section */
		BFA5A0912BF5D27E004B11EC /* HealthKitTest.app */ = {isa = PBXFileReference; explicitFileType = wrapper.application; includeInIndex = 0; path = HealthKitTest.app; sourceTree = BUILT_PRODUCTS_DIR; };
		BFA5A0942BF5D27E004B11EC /* AppDelegate.swift */ = {isa = PBXFileReference; lastKnownFileType = sourcecode.swift; path = AppDelegate.swift; sourceTree = "<group>"; };
		BFA5A0962BF5D27E004B11EC /* SceneDelegate.swift */ = {isa = PBXFileReference; lastKnownFileType = sourcecode.swift; path = SceneDelegate.swift; sourceTree = "<group>"; };
		BFA5A0982BF5D27E004B11EC /* ViewController.swift */ = {isa = PBXFileReference; lastKnownFileType = sourcecode.swift; path = ViewController.swift; sourceTree = "<group>"; };
		BFA5A09B2BF5D27E004B11EC /* Base */ = {isa = PBXFileReference; lastKnownFileType = file.storyboard; name = Base; path = Base.lproj/Main.storyboard; sourceTree = "<group>"; };
		BFA5A09D2BF5D280004B11EC /* Assets.xcassets */ = {isa = PBXFileReference; lastKnownFileType = folder.assetcatalog; path = Assets.xcassets; sourceTree = "<group>"; };
		BFA5A0A02BF5D280004B11EC /* Base */ = {isa = PBXFileReference; lastKnownFileType = file.storyboard; name = Base; path = Base.lproj/LaunchScreen.storyboard; sourceTree = "<group>"; };
		BFA5A0A22BF5D280004B11EC /* Info.plist */ = {isa = PBXFileReference; lastKnownFileType = text.plist.xml; path = Info.plist; sourceTree = "<group>"; };
		BFA5A0A72BF5D280004B11EC /* HealthKitTestTests.xctest */ = {isa = PBXFileReference; explicitFileType = wrapper.cfbundle; includeInIndex = 0; path = HealthKitTestTests.xctest; sourceTree = BUILT_PRODUCTS_DIR; };
		BFA5A0AB2BF5D280004B11EC /* HealthKitTestTests.swift */ = {isa = PBXFileReference; lastKnownFileType = sourcecode.swift; path = HealthKitTestTests.swift; sourceTree = "<group>"; };
		BFA5A0B12BF5D280004B11EC /* HealthKitTestUITests.xctest */ = {isa = PBXFileReference; explicitFileType = wrapper.cfbundle; includeInIndex = 0; path = HealthKitTestUITests.xctest; sourceTree = BUILT_PRODUCTS_DIR; };
		BFA5A0B52BF5D280004B11EC /* HealthKitTestUITests.swift */ = {isa = PBXFileReference; lastKnownFileType = sourcecode.swift; path = HealthKitTestUITests.swift; sourceTree = "<group>"; };
		BFA5A0B72BF5D280004B11EC /* HealthKitTestUITestsLaunchTests.swift */ = {isa = PBXFileReference; lastKnownFileType = sourcecode.swift; path = HealthKitTestUITestsLaunchTests.swift; sourceTree = "<group>"; };
		BFA5A0C42BF5D2AC004B11EC /* HealthKitTest.entitlements */ = {isa = PBXFileReference; lastKnownFileType = text.plist.entitlements; path = HealthKitTest.entitlements; sourceTree = "<group>"; };
		BFA5A0C52BF5D359004B11EC /* PLVHealthKitPermission.swift */ = {isa = PBXFileReference; fileEncoding = 4; lastKnownFileType = sourcecode.swift; path = PLVHealthKitPermission.swift; sourceTree = "<group>"; };
		BFA5A0C62BF5D359004B11EC /* PLVHealthKitManager.swift */ = {isa = PBXFileReference; fileEncoding = 4; lastKnownFileType = sourcecode.swift; path = PLVHealthKitManager.swift; sourceTree = "<group>"; };
/* End PBXFileReference section */

/* Begin PBXFrameworksBuildPhase section */
		BFA5A08E2BF5D27E004B11EC /* Frameworks */ = {
			isa = PBXFrameworksBuildPhase;
			buildActionMask = 2147483647;
			files = (
			);
			runOnlyForDeploymentPostprocessing = 0;
		};
		BFA5A0A42BF5D280004B11EC /* Frameworks */ = {
			isa = PBXFrameworksBuildPhase;
			buildActionMask = 2147483647;
			files = (
			);
			runOnlyForDeploymentPostprocessing = 0;
		};
		BFA5A0AE2BF5D280004B11EC /* Frameworks */ = {
			isa = PBXFrameworksBuildPhase;
			buildActionMask = 2147483647;
			files = (
			);
			runOnlyForDeploymentPostprocessing = 0;
		};
/* End PBXFrameworksBuildPhase section */

/* Begin PBXGroup section */
		BFA5A0882BF5D27E004B11EC = {
			isa = PBXGroup;
			children = (
				BFA5A0932BF5D27E004B11EC /* HealthKitTest */,
				BFA5A0AA2BF5D280004B11EC /* HealthKitTestTests */,
				BFA5A0B42BF5D280004B11EC /* HealthKitTestUITests */,
				BFA5A0922BF5D27E004B11EC /* Products */,
			);
			sourceTree = "<group>";
		};
		BFA5A0922BF5D27E004B11EC /* Products */ = {
			isa = PBXGroup;
			children = (
				BFA5A0912BF5D27E004B11EC /* HealthKitTest.app */,
				BFA5A0A72BF5D280004B11EC /* HealthKitTestTests.xctest */,
				BFA5A0B12BF5D280004B11EC /* HealthKitTestUITests.xctest */,
			);
			name = Products;
			sourceTree = "<group>";
		};
		BFA5A0932BF5D27E004B11EC /* HealthKitTest */ = {
			isa = PBXGroup;
			children = (
				BFA5A0C42BF5D2AC004B11EC /* HealthKitTest.entitlements */,
				BFA5A0942BF5D27E004B11EC /* AppDelegate.swift */,
				BFA5A0962BF5D27E004B11EC /* SceneDelegate.swift */,
				BFA5A0982BF5D27E004B11EC /* ViewController.swift */,
				BFA5A0C62BF5D359004B11EC /* PLVHealthKitManager.swift */,
				BFA5A0C52BF5D359004B11EC /* PLVHealthKitPermission.swift */,
				BFA5A09A2BF5D27E004B11EC /* Main.storyboard */,
				BFA5A09D2BF5D280004B11EC /* Assets.xcassets */,
				BFA5A09F2BF5D280004B11EC /* LaunchScreen.storyboard */,
				BFA5A0A22BF5D280004B11EC /* Info.plist */,
			);
			path = HealthKitTest;
			sourceTree = "<group>";
		};
		BFA5A0AA2BF5D280004B11EC /* HealthKitTestTests */ = {
			isa = PBXGroup;
			children = (
				BFA5A0AB2BF5D280004B11EC /* HealthKitTestTests.swift */,
			);
			path = HealthKitTestTests;
			sourceTree = "<group>";
		};
		BFA5A0B42BF5D280004B11EC /* HealthKitTestUITests */ = {
			isa = PBXGroup;
			children = (
				BFA5A0B52BF5D280004B11EC /* HealthKitTestUITests.swift */,
				BFA5A0B72BF5D280004B11EC /* HealthKitTestUITestsLaunchTests.swift */,
			);
			path = HealthKitTestUITests;
			sourceTree = "<group>";
		};
/* End PBXGroup section */

/* Begin PBXNativeTarget section */
		BFA5A0902BF5D27E004B11EC /* HealthKitTest */ = {
			isa = PBXNativeTarget;
			buildConfigurationList = BFA5A0BB2BF5D280004B11EC /* Build configuration list for PBXNativeTarget "HealthKitTest" */;
			buildPhases = (
				BFA5A08D2BF5D27E004B11EC /* Sources */,
				BFA5A08E2BF5D27E004B11EC /* Frameworks */,
				BFA5A08F2BF5D27E004B11EC /* Resources */,
			);
			buildRules = (
			);
			dependencies = (
			);
			name = HealthKitTest;
			productName = HealthKitTest;
			productReference = BFA5A0912BF5D27E004B11EC /* HealthKitTest.app */;
			productType = "com.apple.product-type.application";
		};
		BFA5A0A62BF5D280004B11EC /* HealthKitTestTests */ = {
			isa = PBXNativeTarget;
			buildConfigurationList = BFA5A0BE2BF5D280004B11EC /* Build configuration list for PBXNativeTarget "HealthKitTestTests" */;
			buildPhases = (
				BFA5A0A32BF5D280004B11EC /* Sources */,
				BFA5A0A42BF5D280004B11EC /* Frameworks */,
				BFA5A0A52BF5D280004B11EC /* Resources */,
			);
			buildRules = (
			);
			dependencies = (
				BFA5A0A92BF5D280004B11EC /* PBXTargetDependency */,
			);
			name = HealthKitTestTests;
			productName = HealthKitTestTests;
			productReference = BFA5A0A72BF5D280004B11EC /* HealthKitTestTests.xctest */;
			productType = "com.apple.product-type.bundle.unit-test";
		};
		BFA5A0B02BF5D280004B11EC /* HealthKitTestUITests */ = {
			isa = PBXNativeTarget;
			buildConfigurationList = BFA5A0C12BF5D280004B11EC /* Build configuration list for PBXNativeTarget "HealthKitTestUITests" */;
			buildPhases = (
				BFA5A0AD2BF5D280004B11EC /* Sources */,
				BFA5A0AE2BF5D280004B11EC /* Frameworks */,
				BFA5A0AF2BF5D280004B11EC /* Resources */,
			);
			buildRules = (
			);
			dependencies = (
				BFA5A0B32BF5D280004B11EC /* PBXTargetDependency */,
			);
			name = HealthKitTestUITests;
			productName = HealthKitTestUITests;
			productReference = BFA5A0B12BF5D280004B11EC /* HealthKitTestUITests.xctest */;
			productType = "com.apple.product-type.bundle.ui-testing";
		};
/* End PBXNativeTarget section */

/* Begin PBXProject section */
		BFA5A0892BF5D27E004B11EC /* Project object */ = {
			isa = PBXProject;
			attributes = {
				BuildIndependentTargetsInParallel = 1;
				LastSwiftUpdateCheck = 1530;
				LastUpgradeCheck = 1530;
				TargetAttributes = {
					BFA5A0902BF5D27E004B11EC = {
						CreatedOnToolsVersion = 15.3;
					};
					BFA5A0A62BF5D280004B11EC = {
						CreatedOnToolsVersion = 15.3;
						TestTargetID = BFA5A0902BF5D27E004B11EC;
					};
					BFA5A0B02BF5D280004B11EC = {
						CreatedOnToolsVersion = 15.3;
						TestTargetID = BFA5A0902BF5D27E004B11EC;
					};
				};
			};
			buildConfigurationList = BFA5A08C2BF5D27E004B11EC /* Build configuration list for PBXProject "HealthKitTest" */;
			compatibilityVersion = "Xcode 14.0";
			developmentRegion = en;
			hasScannedForEncodings = 0;
			knownRegions = (
				en,
				Base,
			);
			mainGroup = BFA5A0882BF5D27E004B11EC;
			productRefGroup = BFA5A0922BF5D27E004B11EC /* Products */;
			projectDirPath = "";
			projectRoot = "";
			targets = (
				BFA5A0902BF5D27E004B11EC /* HealthKitTest */,
				BFA5A0A62BF5D280004B11EC /* HealthKitTestTests */,
				BFA5A0B02BF5D280004B11EC /* HealthKitTestUITests */,
			);
		};
/* End PBXProject section */

/* Begin PBXResourcesBuildPhase section */
		BFA5A08F2BF5D27E004B11EC /* Resources */ = {
			isa = PBXResourcesBuildPhase;
			buildActionMask = 2147483647;
			files = (
				BFA5A09E2BF5D280004B11EC /* Assets.xcassets in Resources */,
				BFA5A0A12BF5D280004B11EC /* Base in Resources */,
				BFA5A09C2BF5D27E004B11EC /* Base in Resources */,
			);
			runOnlyForDeploymentPostprocessing = 0;
		};
		BFA5A0A52BF5D280004B11EC /* Resources */ = {
			isa = PBXResourcesBuildPhase;
			buildActionMask = 2147483647;
			files = (
			);
			runOnlyForDeploymentPostprocessing = 0;
		};
		BFA5A0AF2BF5D280004B11EC /* Resources */ = {
			isa = PBXResourcesBuildPhase;
			buildActionMask = 2147483647;
			files = (
			);
			runOnlyForDeploymentPostprocessing = 0;
		};
/* End PBXResourcesBuildPhase section */

/* Begin PBXSourcesBuildPhase section */
		BFA5A08D2BF5D27E004B11EC /* Sources */ = {
			isa = PBXSourcesBuildPhase;
			buildActionMask = 2147483647;
			files = (
				BFA5A0992BF5D27E004B11EC /* ViewController.swift in Sources */,
				BFA5A0952BF5D27E004B11EC /* AppDelegate.swift in Sources */,
				BFA5A0972BF5D27E004B11EC /* SceneDelegate.swift in Sources */,
				BFA5A0C82BF5D359004B11EC /* PLVHealthKitManager.swift in Sources */,
				BFA5A0C72BF5D359004B11EC /* PLVHealthKitPermission.swift in Sources */,
			);
			runOnlyForDeploymentPostprocessing = 0;
		};
		BFA5A0A32BF5D280004B11EC /* Sources */ = {
			isa = PBXSourcesBuildPhase;
			buildActionMask = 2147483647;
			files = (
				BFA5A0C92BF5D363004B11EC /* PLVHealthKitManager.swift in Sources */,
				BFA5A0AC2BF5D280004B11EC /* HealthKitTestTests.swift in Sources */,
				BFA5A0CA2BF5D365004B11EC /* PLVHealthKitPermission.swift in Sources */,
			);
			runOnlyForDeploymentPostprocessing = 0;
		};
		BFA5A0AD2BF5D280004B11EC /* Sources */ = {
			isa = PBXSourcesBuildPhase;
			buildActionMask = 2147483647;
			files = (
				BFA5A0B62BF5D280004B11EC /* HealthKitTestUITests.swift in Sources */,
				BFA5A0B82BF5D280004B11EC /* HealthKitTestUITestsLaunchTests.swift in Sources */,
			);
			runOnlyForDeploymentPostprocessing = 0;
		};
/* End PBXSourcesBuildPhase section */

/* Begin PBXTargetDependency section */
		BFA5A0A92BF5D280004B11EC /* PBXTargetDependency */ = {
			isa = PBXTargetDependency;
			target = BFA5A0902BF5D27E004B11EC /* HealthKitTest */;
			targetProxy = BFA5A0A82BF5D280004B11EC /* PBXContainerItemProxy */;
		};
		BFA5A0B32BF5D280004B11EC /* PBXTargetDependency */ = {
			isa = PBXTargetDependency;
			target = BFA5A0902BF5D27E004B11EC /* HealthKitTest */;
			targetProxy = BFA5A0B22BF5D280004B11EC /* PBXContainerItemProxy */;
		};
/* End PBXTargetDependency section */

/* Begin PBXVariantGroup section */
		BFA5A09A2BF5D27E004B11EC /* Main.storyboard */ = {
			isa = PBXVariantGroup;
			children = (
				BFA5A09B2BF5D27E004B11EC /* Base */,
			);
			name = Main.storyboard;
			sourceTree = "<group>";
		};
		BFA5A09F2BF5D280004B11EC /* LaunchScreen.storyboard */ = {
			isa = PBXVariantGroup;
			children = (
				BFA5A0A02BF5D280004B11EC /* Base */,
			);
			name = LaunchScreen.storyboard;
			sourceTree = "<group>";
		};
/* End PBXVariantGroup section */

/* Begin XCBuildConfiguration section */
		BFA5A0B92BF5D280004B11EC /* Debug */ = {
			isa = XCBuildConfiguration;
			buildSettings = {
				ALWAYS_SEARCH_USER_PATHS = NO;
				ASSETCATALOG_COMPILER_GENERATE_SWIFT_ASSET_SYMBOL_EXTENSIONS = YES;
				CLANG_ANALYZER_NONNULL = YES;
				CLANG_ANALYZER_NUMBER_OBJECT_CONVERSION = YES_AGGRESSIVE;
				CLANG_CXX_LANGUAGE_STANDARD = "gnu++20";
				CLANG_ENABLE_MODULES = YES;
				CLANG_ENABLE_OBJC_ARC = YES;
				CLANG_ENABLE_OBJC_WEAK = YES;
				CLANG_WARN_BLOCK_CAPTURE_AUTORELEASING = YES;
				CLANG_WARN_BOOL_CONVERSION = YES;
				CLANG_WARN_COMMA = YES;
				CLANG_WARN_CONSTANT_CONVERSION = YES;
				CLANG_WARN_DEPRECATED_OBJC_IMPLEMENTATIONS = YES;
				CLANG_WARN_DIRECT_OBJC_ISA_USAGE = YES_ERROR;
				CLANG_WARN_DOCUMENTATION_COMMENTS = YES;
				CLANG_WARN_EMPTY_BODY = YES;
				CLANG_WARN_ENUM_CONVERSION = YES;
				CLANG_WARN_INFINITE_RECURSION = YES;
				CLANG_WARN_INT_CONVERSION = YES;
				CLANG_WARN_NON_LITERAL_NULL_CONVERSION = YES;
				CLANG_WARN_OBJC_IMPLICIT_RETAIN_SELF = YES;
				CLANG_WARN_OBJC_LITERAL_CONVERSION = YES;
				CLANG_WARN_OBJC_ROOT_CLASS = YES_ERROR;
				CLANG_WARN_QUOTED_INCLUDE_IN_FRAMEWORK_HEADER = YES;
				CLANG_WARN_RANGE_LOOP_ANALYSIS = YES;
				CLANG_WARN_STRICT_PROTOTYPES = YES;
				CLANG_WARN_SUSPICIOUS_MOVE = YES;
				CLANG_WARN_UNGUARDED_AVAILABILITY = YES_AGGRESSIVE;
				CLANG_WARN_UNREACHABLE_CODE = YES;
				CLANG_WARN__DUPLICATE_METHOD_MATCH = YES;
				COPY_PHASE_STRIP = NO;
				DEBUG_INFORMATION_FORMAT = dwarf;
				ENABLE_STRICT_OBJC_MSGSEND = YES;
				ENABLE_TESTABILITY = YES;
				ENABLE_USER_SCRIPT_SANDBOXING = YES;
				GCC_C_LANGUAGE_STANDARD = gnu17;
				GCC_DYNAMIC_NO_PIC = NO;
				GCC_NO_COMMON_BLOCKS = YES;
				GCC_OPTIMIZATION_LEVEL = 0;
				GCC_PREPROCESSOR_DEFINITIONS = (
					"DEBUG=1",
					"$(inherited)",
				);
				GCC_WARN_64_TO_32_BIT_CONVERSION = YES;
				GCC_WARN_ABOUT_RETURN_TYPE = YES_ERROR;
				GCC_WARN_UNDECLARED_SELECTOR = YES;
				GCC_WARN_UNINITIALIZED_AUTOS = YES_AGGRESSIVE;
				GCC_WARN_UNUSED_FUNCTION = YES;
				GCC_WARN_UNUSED_VARIABLE = YES;
				IPHONEOS_DEPLOYMENT_TARGET = 17.4;
				LOCALIZATION_PREFERS_STRING_CATALOGS = YES;
				MTL_ENABLE_DEBUG_INFO = INCLUDE_SOURCE;
				MTL_FAST_MATH = YES;
				ONLY_ACTIVE_ARCH = YES;
				SDKROOT = iphoneos;
				SWIFT_ACTIVE_COMPILATION_CONDITIONS = "DEBUG $(inherited)";
				SWIFT_OPTIMIZATION_LEVEL = "-Onone";
			};
			name = Debug;
		};
		BFA5A0BA2BF5D280004B11EC /* Release */ = {
			isa = XCBuildConfiguration;
			buildSettings = {
				ALWAYS_SEARCH_USER_PATHS = NO;
				ASSETCATALOG_COMPILER_GENERATE_SWIFT_ASSET_SYMBOL_EXTENSIONS = YES;
				CLANG_ANALYZER_NONNULL = YES;
				CLANG_ANALYZER_NUMBER_OBJECT_CONVERSION = YES_AGGRESSIVE;
				CLANG_CXX_LANGUAGE_STANDARD = "gnu++20";
				CLANG_ENABLE_MODULES = YES;
				CLANG_ENABLE_OBJC_ARC = YES;
				CLANG_ENABLE_OBJC_WEAK = YES;
				CLANG_WARN_BLOCK_CAPTURE_AUTORELEASING = YES;
				CLANG_WARN_BOOL_CONVERSION = YES;
				CLANG_WARN_COMMA = YES;
				CLANG_WARN_CONSTANT_CONVERSION = YES;
				CLANG_WARN_DEPRECATED_OBJC_IMPLEMENTATIONS = YES;
				CLANG_WARN_DIRECT_OBJC_ISA_USAGE = YES_ERROR;
				CLANG_WARN_DOCUMENTATION_COMMENTS = YES;
				CLANG_WARN_EMPTY_BODY = YES;
				CLANG_WARN_ENUM_CONVERSION = YES;
				CLANG_WARN_INFINITE_RECURSION = YES;
				CLANG_WARN_INT_CONVERSION = YES;
				CLANG_WARN_NON_LITERAL_NULL_CONVERSION = YES;
				CLANG_WARN_OBJC_IMPLICIT_RETAIN_SELF = YES;
				CLANG_WARN_OBJC_LITERAL_CONVERSION = YES;
				CLANG_WARN_OBJC_ROOT_CLASS = YES_ERROR;
				CLANG_WARN_QUOTED_INCLUDE_IN_FRAMEWORK_HEADER = YES;
				CLANG_WARN_RANGE_LOOP_ANALYSIS = YES;
				CLANG_WARN_STRICT_PROTOTYPES = YES;
				CLANG_WARN_SUSPICIOUS_MOVE = YES;
				CLANG_WARN_UNGUARDED_AVAILABILITY = YES_AGGRESSIVE;
				CLANG_WARN_UNREACHABLE_CODE = YES;
				CLANG_WARN__DUPLICATE_METHOD_MATCH = YES;
				COPY_PHASE_STRIP = NO;
				DEBUG_INFORMATION_FORMAT = "dwarf-with-dsym";
				ENABLE_NS_ASSERTIONS = NO;
				ENABLE_STRICT_OBJC_MSGSEND = YES;
				ENABLE_USER_SCRIPT_SANDBOXING = YES;
				GCC_C_LANGUAGE_STANDARD = gnu17;
				GCC_NO_COMMON_BLOCKS = YES;
				GCC_WARN_64_TO_32_BIT_CONVERSION = YES;
				GCC_WARN_ABOUT_RETURN_TYPE = YES_ERROR;
				GCC_WARN_UNDECLARED_SELECTOR = YES;
				GCC_WARN_UNINITIALIZED_AUTOS = YES_AGGRESSIVE;
				GCC_WARN_UNUSED_FUNCTION = YES;
				GCC_WARN_UNUSED_VARIABLE = YES;
				IPHONEOS_DEPLOYMENT_TARGET = 17.4;
				LOCALIZATION_PREFERS_STRING_CATALOGS = YES;
				MTL_ENABLE_DEBUG_INFO = NO;
				MTL_FAST_MATH = YES;
				SDKROOT = iphoneos;
				SWIFT_COMPILATION_MODE = wholemodule;
				VALIDATE_PRODUCT = YES;
			};
			name = Release;
		};
		BFA5A0BC2BF5D280004B11EC /* Debug */ = {
			isa = XCBuildConfiguration;
			buildSettings = {
				ASSETCATALOG_COMPILER_APPICON_NAME = AppIcon;
				ASSETCATALOG_COMPILER_GLOBAL_ACCENT_COLOR_NAME = AccentColor;
				CODE_SIGN_ENTITLEMENTS = HealthKitTest/HealthKitTest.entitlements;
				CODE_SIGN_STYLE = Automatic;
				CURRENT_PROJECT_VERSION = 1;
				DEVELOPMENT_TEAM = QW7324TCJY;
				GENERATE_INFOPLIST_FILE = YES;
				INFOPLIST_FILE = HealthKitTest/Info.plist;
				INFOPLIST_KEY_NSHealthShareUsageDescription = "获取健康数据balabala";
				INFOPLIST_KEY_NSHealthUpdateUsageDescription = "记录健康数据balabala";
				INFOPLIST_KEY_UIApplicationSupportsIndirectInputEvents = YES;
				INFOPLIST_KEY_UILaunchStoryboardName = LaunchScreen;
				INFOPLIST_KEY_UIMainStoryboardFile = Main;
				INFOPLIST_KEY_UISupportedInterfaceOrientations_iPad = "UIInterfaceOrientationPortrait UIInterfaceOrientationPortraitUpsideDown UIInterfaceOrientationLandscapeLeft UIInterfaceOrientationLandscapeRight";
				INFOPLIST_KEY_UISupportedInterfaceOrientations_iPhone = "UIInterfaceOrientationPortrait UIInterfaceOrientationLandscapeLeft UIInterfaceOrientationLandscapeRight";
				IPHONEOS_DEPLOYMENT_TARGET = 13.0;
				LD_RUNPATH_SEARCH_PATHS = (
					"$(inherited)",
					"@executable_path/Frameworks",
				);
				MARKETING_VERSION = 1.0;
				PRODUCT_BUNDLE_IDENTIFIER = com.liuming.HealthKitTest;
				PRODUCT_NAME = "$(TARGET_NAME)";
				SWIFT_EMIT_LOC_STRINGS = YES;
				SWIFT_VERSION = 5.0;
				TARGETED_DEVICE_FAMILY = "1,2";
			};
			name = Debug;
		};
		BFA5A0BD2BF5D280004B11EC /* Release */ = {
			isa = XCBuildConfiguration;
			buildSettings = {
				ASSETCATALOG_COMPILER_APPICON_NAME = AppIcon;
				ASSETCATALOG_COMPILER_GLOBAL_ACCENT_COLOR_NAME = AccentColor;
				CODE_SIGN_ENTITLEMENTS = HealthKitTest/HealthKitTest.entitlements;
				CODE_SIGN_STYLE = Automatic;
				CURRENT_PROJECT_VERSION = 1;
				DEVELOPMENT_TEAM = QW7324TCJY;
				GENERATE_INFOPLIST_FILE = YES;
				INFOPLIST_FILE = HealthKitTest/Info.plist;
				INFOPLIST_KEY_NSHealthShareUsageDescription = "获取健康数据balabala";
				INFOPLIST_KEY_NSHealthUpdateUsageDescription = "记录健康数据balabala";
				INFOPLIST_KEY_UIApplicationSupportsIndirectInputEvents = YES;
				INFOPLIST_KEY_UILaunchStoryboardName = LaunchScreen;
				INFOPLIST_KEY_UIMainStoryboardFile = Main;
				INFOPLIST_KEY_UISupportedInterfaceOrientations_iPad = "UIInterfaceOrientationPortrait UIInterfaceOrientationPortraitUpsideDown UIInterfaceOrientationLandscapeLeft UIInterfaceOrientationLandscapeRight";
				INFOPLIST_KEY_UISupportedInterfaceOrientations_iPhone = "UIInterfaceOrientationPortrait UIInterfaceOrientationLandscapeLeft UIInterfaceOrientationLandscapeRight";
				IPHONEOS_DEPLOYMENT_TARGET = 13.0;
				LD_RUNPATH_SEARCH_PATHS = (
					"$(inherited)",
					"@executable_path/Frameworks",
				);
				MARKETING_VERSION = 1.0;
				PRODUCT_BUNDLE_IDENTIFIER = com.liuming.HealthKitTest;
				PRODUCT_NAME = "$(TARGET_NAME)";
				SWIFT_EMIT_LOC_STRINGS = YES;
				SWIFT_VERSION = 5.0;
				TARGETED_DEVICE_FAMILY = "1,2";
			};
			name = Release;
		};
		BFA5A0BF2BF5D280004B11EC /* Debug */ = {
			isa = XCBuildConfiguration;
			buildSettings = {
				ALWAYS_EMBED_SWIFT_STANDARD_LIBRARIES = YES;
				BUNDLE_LOADER = "$(TEST_HOST)";
				CODE_SIGN_IDENTITY = "Apple Development";
				CODE_SIGN_STYLE = Automatic;
				CURRENT_PROJECT_VERSION = 1;
				DEVELOPMENT_TEAM = QW7324TCJY;
				GENERATE_INFOPLIST_FILE = YES;
				IPHONEOS_DEPLOYMENT_TARGET = 13.0;
				MARKETING_VERSION = 1.0;
				PRODUCT_BUNDLE_IDENTIFIER = com.liuming.HealthKitTestTests;
				PRODUCT_NAME = "$(TARGET_NAME)";
				PROVISIONING_PROFILE_SPECIFIER = "";
				SWIFT_EMIT_LOC_STRINGS = NO;
				SWIFT_VERSION = 5.0;
				TARGETED_DEVICE_FAMILY = "1,2";
				TEST_HOST = "$(BUILT_PRODUCTS_DIR)/HealthKitTest.app/$(BUNDLE_EXECUTABLE_FOLDER_PATH)/HealthKitTest";
			};
			name = Debug;
		};
		BFA5A0C02BF5D280004B11EC /* Release */ = {
			isa = XCBuildConfiguration;
			buildSettings = {
				ALWAYS_EMBED_SWIFT_STANDARD_LIBRARIES = YES;
				BUNDLE_LOADER = "$(TEST_HOST)";
				CODE_SIGN_IDENTITY = "Apple Development";
				CODE_SIGN_STYLE = Automatic;
				CURRENT_PROJECT_VERSION = 1;
				DEVELOPMENT_TEAM = QW7324TCJY;
				GENERATE_INFOPLIST_FILE = YES;
				IPHONEOS_DEPLOYMENT_TARGET = 13.0;
				MARKETING_VERSION = 1.0;
				PRODUCT_BUNDLE_IDENTIFIER = com.liuming.HealthKitTestTests;
				PRODUCT_NAME = "$(TARGET_NAME)";
				PROVISIONING_PROFILE_SPECIFIER = "";
				SWIFT_EMIT_LOC_STRINGS = NO;
				SWIFT_VERSION = 5.0;
				TARGETED_DEVICE_FAMILY = "1,2";
				TEST_HOST = "$(BUILT_PRODUCTS_DIR)/HealthKitTest.app/$(BUNDLE_EXECUTABLE_FOLDER_PATH)/HealthKitTest";
			};
			name = Release;
		};
		BFA5A0C22BF5D280004B11EC /* Debug */ = {
			isa = XCBuildConfiguration;
			buildSettings = {
				ALWAYS_EMBED_SWIFT_STANDARD_LIBRARIES = YES;
				CODE_SIGN_IDENTITY = "Apple Development";
				CODE_SIGN_STYLE = Automatic;
				CURRENT_PROJECT_VERSION = 1;
				DEVELOPMENT_TEAM = QW7324TCJY;
				GENERATE_INFOPLIST_FILE = YES;
				IPHONEOS_DEPLOYMENT_TARGET = 13.0;
				MARKETING_VERSION = 1.0;
				PRODUCT_BUNDLE_IDENTIFIER = com.liuming.HealthKitTestUITests;
				PRODUCT_NAME = "$(TARGET_NAME)";
				PROVISIONING_PROFILE_SPECIFIER = "";
				SWIFT_EMIT_LOC_STRINGS = NO;
				SWIFT_VERSION = 5.0;
				TARGETED_DEVICE_FAMILY = "1,2";
				TEST_TARGET_NAME = HealthKitTest;
			};
			name = Debug;
		};
		BFA5A0C32BF5D280004B11EC /* Release */ = {
			isa = XCBuildConfiguration;
			buildSettings = {
				ALWAYS_EMBED_SWIFT_STANDARD_LIBRARIES = YES;
				CODE_SIGN_IDENTITY = "Apple Development";
				CODE_SIGN_STYLE = Automatic;
				CURRENT_PROJECT_VERSION = 1;
				DEVELOPMENT_TEAM = QW7324TCJY;
				GENERATE_INFOPLIST_FILE = YES;
				IPHONEOS_DEPLOYMENT_TARGET = 13.0;
				MARKETING_VERSION = 1.0;
				PRODUCT_BUNDLE_IDENTIFIER = com.liuming.HealthKitTestUITests;
				PRODUCT_NAME = "$(TARGET_NAME)";
				PROVISIONING_PROFILE_SPECIFIER = "";
				SWIFT_EMIT_LOC_STRINGS = NO;
				SWIFT_VERSION = 5.0;
				TARGETED_DEVICE_FAMILY = "1,2";
				TEST_TARGET_NAME = HealthKitTest;
			};
			name = Release;
		};
/* End XCBuildConfiguration section */

/* Begin XCConfigurationList section */
		BFA5A08C2BF5D27E004B11EC /* Build configuration list for PBXProject "HealthKitTest" */ = {
			isa = XCConfigurationList;
			buildConfigurations = (
				BFA5A0B92BF5D280004B11EC /* Debug */,
				BFA5A0BA2BF5D280004B11EC /* Release */,
			);
			defaultConfigurationIsVisible = 0;
			defaultConfigurationName = Release;
		};
		BFA5A0BB2BF5D280004B11EC /* Build configuration list for PBXNativeTarget "HealthKitTest" */ = {
			isa = XCConfigurationList;
			buildConfigurations = (
				BFA5A0BC2BF5D280004B11EC /* Debug */,
				BFA5A0BD2BF5D280004B11EC /* Release */,
			);
			defaultConfigurationIsVisible = 0;
			defaultConfigurationName = Release;
		};
		BFA5A0BE2BF5D280004B11EC /* Build configuration list for PBXNativeTarget "HealthKitTestTests" */ = {
			isa = XCConfigurationList;
			buildConfigurations = (
				BFA5A0BF2BF5D280004B11EC /* Debug */,
				BFA5A0C02BF5D280004B11EC /* Release */,
			);
			defaultConfigurationIsVisible = 0;
			defaultConfigurationName = Release;
		};
		BFA5A0C12BF5D280004B11EC /* Build configuration list for PBXNativeTarget "HealthKitTestUITests" */ = {
			isa = XCConfigurationList;
			buildConfigurations = (
				BFA5A0C22BF5D280004B11EC /* Debug */,
				BFA5A0C32BF5D280004B11EC /* Release */,
			);
			defaultConfigurationIsVisible = 0;
			defaultConfigurationName = Release;
		};
/* End XCConfigurationList section */
	};
	rootObject = BFA5A0892BF5D27E004B11EC /* Project object */;
}
